
Microsoft Visual Studio Solution File, Format Version 12.00
# Visual Studio Version 16
VisualStudioVersion = 16.0.32106.194
MinimumVisualStudioVersion = 10.0.40219.1
Project("{FAE04EC0-301F-11D3-BF4B-00C04F79EFBC}") = "DirectoriesAndFiles", "DirectoriesAndFiles\DirectoriesAndFiles.csproj", "{C0F23D41-784C-4022-90DD-9632B51CE61C}"
EndProject
Project("{FAE04EC0-301F-11D3-BF4B-00C04F79EFBC}") = "WishList", "WishList\WishList.csproj", "{84A24760-D5BF-44B7-9BE3-891CB98067F3}"
EndProject
Project("{FAE04EC0-301F-11D3-BF4B-00C04F79EFBC}") = "MyWishListFile", "MyWishListFile\MyWishListFile.csproj", "{8932F21A-F2DC-41FB-9846-21CF48988A28}"
EndProject
Project("{FAE04EC0-301F-11D3-BF4B-00C04F79EFBC}") = "ShoppingListDirectory", "ShoppingListDirectory\ShoppingListDirectory.csproj", "{7BC85915-196C-4CA6-9247-ABC61CF67774}"
EndProject
Project("{FAE04EC0-301F-11D3-BF4B-00C04F79EFBC}") = "ShoppingList", "ShoppingList\ShoppingList.csproj", "{7E71EA8B-0FA9-4126-941B-3961A1A72592}"
EndProject
Global
	GlobalSection(SolutionConfigurationPlatforms) = preSolution
		Debug|Any CPU = Debug|Any CPU
		Release|Any CPU = Release|Any CPU
	EndGlobalSection
	GlobalSection(ProjectConfigurationPlatforms) = postSolution
		{C0F23D41-784C-4022-90DD-9632B51CE61C}.Debug|Any CPU.ActiveCfg = Debug|Any CPU
		{C0F23D41-784C-4022-90DD-9632B51CE61C}.Debug|Any CPU.Build.0 = Debug|Any CPU
		{C0F23D41-784C-4022-90DD-9632B51CE61C}.Release|Any CPU.ActiveCfg = Release|Any CPU
		{C0F23D41-784C-4022-90DD-9632B51CE61C}.Release|Any CPU.Build.0 = Release|Any CPU
		{84A24760-D5BF-44B7-9BE3-891CB98067F3}.Debug|Any CPU.ActiveCfg = Debug|Any CPU
		{84A24760-D5BF-44B7-9BE3-891CB98067F3}.Debug|Any CPU.Build.0 = Debug|Any CPU
		{84A24760-D5BF-44B7-9BE3-891CB98067F3}.Release|Any CPU.ActiveCfg = Release|Any CPU
		{84A24760-D5BF-44B7-9BE3-891CB98067F3}.Release|Any CPU.Build.0 = Release|Any CPU
		{8932F21A-F2DC-41FB-9846-21CF48988A28}.Debug|Any CPU.ActiveCfg = Debug|Any CPU
		{8932F21A-F2DC-41FB-9846-21CF48988A28}.Debug|Any CPU.Build.0 = Debug|Any CPU
		{8932F21A-F2DC-41FB-9846-21CF48988A28}.Release|Any CPU.ActiveCfg = Release|Any CPU
		{8932F21A-F2DC-41FB-9846-21CF48988A28}.Release|Any CPU.Build.0 = Release|Any CPU
		{7BC85915-196C-4CA6-9247-ABC61CF67774}.Debug|Any CPU.ActiveCfg = Debug|Any CPU
		{7BC85915-196C-4CA6-9247-ABC61CF67774}.Debug|Any CPU.Build.0 = Debug|Any CPU
		{7BC85915-196C-4CA6-9247-ABC61CF67774}.Release|Any CPU.ActiveCfg = Release|Any CPU
		{7BC85915-196C-4CA6-9247-ABC61CF67774}.Release|Any CPU.Build.0 = Release|Any CPU
		{7E71EA8B-0FA9-4126-941B-3961A1A72592}.Debug|Any CPU.ActiveCfg = Debug|Any CPU
		{7E71EA8B-0FA9-4126-941B-3961A1A72592}.Debug|Any CPU.Build.0 = Debug|Any CPU
		{7E71EA8B-0FA9-4126-941B-3961A1A72592}.Release|Any CPU.ActiveCfg = Release|Any CPU
		{7E71EA8B-0FA9-4126-941B-3961A1A72592}.Release|Any CPU.Build.0 = Release|Any CPU
	EndGlobalSection
	GlobalSection(SolutionProperties) = preSolution
		HideSolutionNode = FALSE
	EndGlobalSection
	GlobalSection(ExtensibilityGlobals) = postSolution
		SolutionGuid = {55767873-44EC-452D-ADF6-A0FA94711A91}
	EndGlobalSection
EndGlobal
